
Microsoft Visual Studio Solution File, Format Version 12.00
# Visual Studio Version 16
VisualStudioVersion = 16.0.36631.11
MinimumVisualStudioVersion = 10.0.40219.1
Project("{FAE04EC0-301F-11D3-BF4B-00C04F79EFBC}") = "Calculator_Project", "Calculator_Project.csproj", "{271764ED-D2C5-4B5D-A5C9-BD13DE392B4E}"
EndProject
Global
	GlobalSection(SolutionConfigurationPlatforms) = preSolution
		Debug|Any CPU = Debug|Any CPU
		Release|Any CPU = Release|Any CPU
	EndGlobalSection
	GlobalSection(ProjectConfigurationPlatforms) = postSolution
		{271764ED-D2C5-4B5D-A5C9-BD13DE392B4E}.Debug|Any CPU.ActiveCfg = Debug|Any CPU
		{271764ED-D2C5-4B5D-A5C9-BD13DE392B4E}.Debug|Any CPU.Build.0 = Debug|Any CPU
		{271764ED-D2C5-4B5D-A5C9-BD13DE392B4E}.Release|Any CPU.ActiveCfg = Release|Any CPU
		{271764ED-D2C5-4B5D-A5C9-BD13DE392B4E}.Release|Any CPU.Build.0 = Release|Any CPU
	EndGlobalSection
	GlobalSection(SolutionProperties) = preSolution
		HideSolutionNode = FALSE
	EndGlobalSection
	GlobalSection(ExtensibilityGlobals) = postSolution
		SolutionGuid = {5BB35739-D16B-4F66-8FC7-9B99AECCAC79}
	EndGlobalSection
EndGlobal
